version: 6
environments:
  default:
    channels:
    - url: https://conda.anaconda.org/conda-forge/
    indexes:
    - https://pypi.org/simple
    packages:
      osx-arm64:
      - conda: https://conda.anaconda.org/conda-forge/osx-arm64/bzip2-1.0.8-hd037594_8.conda
      - conda: https://conda.anaconda.org/conda-forge/osx-arm64/c-ares-1.34.6-hc919400_0.conda
      - conda: https://conda.anaconda.org/conda-forge/noarch/ca-certificates-2026.1.4-hbd8a1cb_0.conda
      - conda: https://conda.anaconda.org/conda-forge/osx-arm64/icu-75.1-hfee45f7_0.conda
      - conda: https://conda.anaconda.org/conda-forge/osx-arm64/libabseil-20250512.1-cxx17_hd41c47c_0.conda
      - conda: https://conda.anaconda.org/conda-forge/osx-arm64/libbrotlicommon-1.2.0-hc919400_1.conda
      - conda: https://conda.anaconda.org/conda-forge/osx-arm64/libbrotlidec-1.2.0-hc919400_1.conda
      - conda: https://conda.anaconda.org/conda-forge/osx-arm64/libbrotlienc-1.2.0-hc919400_1.conda
      - conda: https://conda.anaconda.org/conda-forge/osx-arm64/libcxx-21.1.8-hf598326_0.conda
      - conda: https://conda.anaconda.org/conda-forge/osx-arm64/libev-4.33-h93a5062_2.conda
      - conda: https://conda.anaconda.org/conda-forge/osx-arm64/libexpat-2.7.3-haf25636_0.conda
      - conda: https://conda.anaconda.org/conda-forge/osx-arm64/libffi-3.5.2-he5f378a_0.conda
      - conda: https://conda.anaconda.org/conda-forge/osx-arm64/liblzma-5.8.1-h39f12f2_2.conda
      - conda: https://conda.anaconda.org/conda-forge/osx-arm64/libmpdec-4.0.0-h5505292_0.conda
      - conda: https://conda.anaconda.org/conda-forge/osx-arm64/libnghttp2-1.67.0-hc438710_0.conda
      - conda: https://conda.anaconda.org/conda-forge/osx-arm64/libsqlite-3.51.2-h1b79a29_0.conda
      - conda: https://conda.anaconda.org/conda-forge/osx-arm64/libuv-1.51.0-h6caf38d_1.conda
      - conda: https://conda.anaconda.org/conda-forge/osx-arm64/libzlib-1.3.1-h8359307_2.conda
      - conda: https://conda.anaconda.org/conda-forge/noarch/mystmd-1.7.1-pyhcf101f3_0.conda
      - conda: https://conda.anaconda.org/conda-forge/osx-arm64/ncurses-6.5-h5e97a16_3.conda
      - conda: https://conda.anaconda.org/conda-forge/osx-arm64/nodejs-25.2.1-h5230ea7_1.conda
      - conda: https://conda.anaconda.org/conda-forge/osx-arm64/openssl-3.6.0-h5503f6c_0.conda
      - conda: https://conda.anaconda.org/conda-forge/osx-arm64/python-3.14.2-h40d2674_100_cp314.conda
      - conda: https://conda.anaconda.org/conda-forge/noarch/python_abi-3.14-8_cp314.conda
      - conda: https://conda.anaconda.org/conda-forge/osx-arm64/readline-8.3-h46df422_0.conda
      - conda: https://conda.anaconda.org/conda-forge/osx-arm64/tk-8.6.13-h892fb3f_3.conda
      - conda: https://conda.anaconda.org/conda-forge/noarch/tzdata-2025c-hc9c84f9_1.conda
      - conda: https://conda.anaconda.org/conda-forge/osx-arm64/zstd-1.5.7-hbf9d68e_6.conda
      - pypi: ./
packages:
- conda: https://conda.anaconda.org/conda-forge/osx-arm64/bzip2-1.0.8-hd037594_8.conda
  sha256: b456200636bd5fecb2bec63f7e0985ad2097cf1b83d60ce0b6968dffa6d02aa1
  md5: 58fd217444c2a5701a44244faf518206
  depends:
  - __osx >=11.0
  license: bzip2-1.0.6
  license_family: BSD
  purls: []
  size: 125061
  timestamp: 1757437486465
- conda: https://conda.anaconda.org/conda-forge/osx-arm64/c-ares-1.34.6-hc919400_0.conda
  sha256: 2995f2aed4e53725e5efbc28199b46bf311c3cab2648fc4f10c2227d6d5fa196
  md5: bcb3cba70cf1eec964a03b4ba7775f01
  depends:
  - __osx >=11.0
  license: MIT
  license_family: MIT
  purls: []
  size: 180327
  timestamp: 1765215064054
- conda: https://conda.anaconda.org/conda-forge/noarch/ca-certificates-2026.1.4-hbd8a1cb_0.conda
  sha256: b5974ec9b50e3c514a382335efa81ed02b05906849827a34061c496f4defa0b2
  md5: bddacf101bb4dd0e51811cb69c7790e2
  depends:
  - __unix
  license: ISC
  purls: []
  size: 146519
  timestamp: 1767500828366
- conda: https://conda.anaconda.org/conda-forge/osx-arm64/icu-75.1-hfee45f7_0.conda
  sha256: 9ba12c93406f3df5ab0a43db8a4b4ef67a5871dfd401010fbe29b218b2cbe620
  md5: 5eb22c1d7b3fc4abb50d92d621583137
  depends:
  - __osx >=11.0
  license: MIT
  license_family: MIT
  purls: []
  size: 11857802
  timestamp: 1720853997952
- conda: https://conda.anaconda.org/conda-forge/osx-arm64/libabseil-20250512.1-cxx17_hd41c47c_0.conda
  sha256: 7f0ee9ae7fa2cf7ac92b0acf8047c8bac965389e48be61bf1d463e057af2ea6a
  md5: 360dbb413ee2c170a0a684a33c4fc6b8
  depends:
  - __osx >=11.0
  - libcxx >=18
  constrains:
  - libabseil-static =20250512.1=cxx17*
  - abseil-cpp =20250512.1
  license: Apache-2.0
  license_family: Apache
  purls: []
  size: 1174081
  timestamp: 1750194620012
- conda: https://conda.anaconda.org/conda-forge/osx-arm64/libbrotlicommon-1.2.0-hc919400_1.conda
  sha256: a7cb9e660531cf6fbd4148cff608c85738d0b76f0975c5fc3e7d5e92840b7229
  md5: 006e7ddd8a110771134fcc4e1e3a6ffa
  depends:
  - __osx >=11.0
  license: MIT
  license_family: MIT
  purls: []
  size: 79443
  timestamp: 1764017945924
- conda: https://conda.anaconda.org/conda-forge/osx-arm64/libbrotlidec-1.2.0-hc919400_1.conda
  sha256: 2eae444039826db0454b19b52a3390f63bfe24f6b3e63089778dd5a5bf48b6bf
  md5: 079e88933963f3f149054eec2c487bc2
  depends:
  - __osx >=11.0
  - libbrotlicommon 1.2.0 hc919400_1
  license: MIT
  license_family: MIT
  purls: []
  size: 29452
  timestamp: 1764017979099
- conda: https://conda.anaconda.org/conda-forge/osx-arm64/libbrotlienc-1.2.0-hc919400_1.conda
  sha256: 01436c32bb41f9cb4bcf07dda647ce4e5deb8307abfc3abdc8da5317db8189d1
  md5: b2b7c8288ca1a2d71ff97a8e6a1e8883
  depends:
  - __osx >=11.0
  - libbrotlicommon 1.2.0 hc919400_1
  license: MIT
  license_family: MIT
  purls: []
  size: 290754
  timestamp: 1764018009077
- conda: https://conda.anaconda.org/conda-forge/osx-arm64/libcxx-21.1.8-hf598326_0.conda
  sha256: 82e228975fd491bcf1071ecd0a6ec2a0fcc5f57eb0bd1d52cb13a18d57c67786
  md5: 780f0251b757564e062187044232c2b7
  depends:
  - __osx >=11.0
  license: Apache-2.0 WITH LLVM-exception
  license_family: Apache
  purls: []
  size: 569118
  timestamp: 1765919724254
- conda: https://conda.anaconda.org/conda-forge/osx-arm64/libev-4.33-h93a5062_2.conda
  sha256: 95cecb3902fbe0399c3a7e67a5bed1db813e5ab0e22f4023a5e0f722f2cc214f
  md5: 36d33e440c31857372a72137f78bacf5
  license: BSD-2-Clause
  license_family: BSD
  purls: []
  size: 107458
  timestamp: 1702146414478
- conda: https://conda.anaconda.org/conda-forge/osx-arm64/libexpat-2.7.3-haf25636_0.conda
  sha256: fce22610ecc95e6d149e42a42fbc3cc9d9179bd4eb6232639a60f06e080eec98
  md5: b79875dbb5b1db9a4a22a4520f918e1a
  depends:
  - __osx >=11.0
  constrains:
  - expat 2.7.3.*
  license: MIT
  license_family: MIT
  purls: []
  size: 67800
  timestamp: 1763549994166
- conda: https://conda.anaconda.org/conda-forge/osx-arm64/libffi-3.5.2-he5f378a_0.conda
  sha256: 9b8acdf42df61b7bfe8bdc545c016c29e61985e79748c64ad66df47dbc2e295f
  md5: 411ff7cd5d1472bba0f55c0faf04453b
  depends:
  - __osx >=11.0
  license: MIT
  license_family: MIT
  purls: []
  size: 40251
  timestamp: 1760295839166
- conda: https://conda.anaconda.org/conda-forge/osx-arm64/liblzma-5.8.1-h39f12f2_2.conda
  sha256: 0cb92a9e026e7bd4842f410a5c5c665c89b2eb97794ffddba519a626b8ce7285
  md5: d6df911d4564d77c4374b02552cb17d1
  depends:
  - __osx >=11.0
  constrains:
  - xz 5.8.1.*
  license: 0BSD
  purls: []
  size: 92286
  timestamp: 1749230283517
- conda: https://conda.anaconda.org/conda-forge/osx-arm64/libmpdec-4.0.0-h5505292_0.conda
  sha256: 0a1875fc1642324ebd6c4ac864604f3f18f57fbcf558a8264f6ced028a3c75b2
  md5: 85ccccb47823dd9f7a99d2c7f530342f
  depends:
  - __osx >=11.0
  license: BSD-2-Clause
  license_family: BSD
  purls: []
  size: 71829
  timestamp: 1748393749336
- conda: https://conda.anaconda.org/conda-forge/osx-arm64/libnghttp2-1.67.0-hc438710_0.conda
  sha256: a07cb53b5ffa2d5a18afc6fd5a526a5a53dd9523fbc022148bd2f9395697c46d
  md5: a4b4dd73c67df470d091312ab87bf6ae
  depends:
  - __osx >=11.0
  - c-ares >=1.34.5,<2.0a0
  - libcxx >=19
  - libev >=4.33,<4.34.0a0
  - libev >=4.33,<5.0a0
  - libzlib >=1.3.1,<2.0a0
  - openssl >=3.5.2,<4.0a0
  license: MIT
  license_family: MIT
  purls: []
  size: 575454
  timestamp: 1756835746393
- conda: https://conda.anaconda.org/conda-forge/osx-arm64/libsqlite-3.51.2-h1b79a29_0.conda
  sha256: f942afee5568a0bfba020e52c3f22b788e14017a8dc302652d2ca500756a8a5a
  md5: faedef456ba5004af365d450eb38217d
  depends:
  - __osx >=11.0
  - libzlib >=1.3.1,<2.0a0
  license: blessing
  purls: []
  size: 905482
  timestamp: 1768148270069
- conda: https://conda.anaconda.org/conda-forge/osx-arm64/libuv-1.51.0-h6caf38d_1.conda
  sha256: 042c7488ad97a5629ec0a991a8b2a3345599401ecc75ad6a5af73b60e6db9689
  md5: c0d87c3c8e075daf1daf6c31b53e8083
  depends:
  - __osx >=11.0
  license: MIT
  license_family: MIT
  purls: []
  size: 421195
  timestamp: 1753948426421
- conda: https://conda.anaconda.org/conda-forge/osx-arm64/libzlib-1.3.1-h8359307_2.conda
  sha256: ce34669eadaba351cd54910743e6a2261b67009624dbc7daeeafdef93616711b
  md5: 369964e85dc26bfe78f41399b366c435
  depends:
  - __osx >=11.0
  constrains:
  - zlib 1.3.1 *_2
  license: Zlib
  license_family: Other
  purls: []
  size: 46438
  timestamp: 1727963202283
- pypi: ./
  name: myst-test-chapter-numbering
  version: 0.1.0
  sha256: 8f96fea7340a87239852843640c313134363d8fa8253ffd5df867a15b2d53497
  requires_python: '>=3.11'
  editable: true
- conda: https://conda.anaconda.org/conda-forge/noarch/mystmd-1.7.1-pyhcf101f3_0.conda
  sha256: 2eb90e5ad120513bc8e3854ad20fa9bd1d66474920cce668086d1071c5f9f8e1
  md5: 48958d4866a81db116ed76017decbadf
  depends:
  - python >=3.10
  - nodejs >=18
  - python
  license: MIT
  license_family: MIT
  purls:
  - pkg:pypi/mystmd?source=hash-mapping
  size: 2166220
  timestamp: 1765586317747
- conda: https://conda.anaconda.org/conda-forge/osx-arm64/ncurses-6.5-h5e97a16_3.conda
  sha256: 2827ada40e8d9ca69a153a45f7fd14f32b2ead7045d3bbb5d10964898fe65733
  md5: 068d497125e4bf8a66bf707254fff5ae
  depends:
  - __osx >=11.0
  license: X11 AND BSD-3-Clause
  purls: []
  size: 797030
  timestamp: 1738196177597
- conda: https://conda.anaconda.org/conda-forge/osx-arm64/nodejs-25.2.1-h5230ea7_1.conda
  sha256: acb4a33a096fa89d0ec0eea5d5f19988594d4e5c8d482ac60d2b0365d16dd984
  md5: 0b6dfe96bcfb469afe82885b3fecbd56
  depends:
  - __osx >=11.0
  - libcxx >=19
  - libsqlite >=3.51.1,<4.0a0
  - libbrotlicommon >=1.2.0,<1.3.0a0
  - libbrotlienc >=1.2.0,<1.3.0a0
  - libbrotlidec >=1.2.0,<1.3.0a0
  - openssl >=3.5.4,<4.0a0
  - c-ares >=1.34.6,<2.0a0
  - icu >=75.1,<76.0a0
  - zstd >=1.5.7,<1.6.0a0
  - libabseil >=20250512.1,<20250513.0a0
  - libabseil * cxx17*
  - libnghttp2 >=1.67.0,<2.0a0
  - libuv >=1.51.0,<2.0a0
  - libzlib >=1.3.1,<2.0a0
  license: MIT
  license_family: MIT
  purls: []
  size: 16202237
  timestamp: 1765482731453
- conda: https://conda.anaconda.org/conda-forge/osx-arm64/openssl-3.6.0-h5503f6c_0.conda
  sha256: ebe93dafcc09e099782fe3907485d4e1671296bc14f8c383cb6f3dfebb773988
  md5: b34dc4172653c13dcf453862f251af2b
  depends:
  - __osx >=11.0
  - ca-certificates
  license: Apache-2.0
  license_family: Apache
  purls: []
  size: 3108371
  timestamp: 1762839712322
- conda: https://conda.anaconda.org/conda-forge/osx-arm64/python-3.14.2-h40d2674_100_cp314.conda
  build_number: 100
  sha256: 1a93782e90b53e04c2b1a50a0f8bf0887936649d19dba6a05b05c4b44dae96b7
  md5: 14f15ab0d31a2ee5635aa56e77132594
  depends:
  - __osx >=11.0
  - bzip2 >=1.0.8,<2.0a0
  - libexpat >=2.7.3,<3.0a0
  - libffi >=3.5.2,<3.6.0a0
  - liblzma >=5.8.1,<6.0a0
  - libmpdec >=4.0.0,<5.0a0
  - libsqlite >=3.51.1,<4.0a0
  - libzlib >=1.3.1,<2.0a0
  - ncurses >=6.5,<7.0a0
  - openssl >=3.5.4,<4.0a0
  - python_abi 3.14.* *_cp314
  - readline >=8.2,<9.0a0
  - tk >=8.6.13,<8.7.0a0
  - tzdata
  - zstd >=1.5.7,<1.6.0a0
  license: Python-2.0
  purls: []
  size: 13575758
  timestamp: 1765021280625
  python_site_packages_path: lib/python3.14/site-packages
- conda: https://conda.anaconda.org/conda-forge/noarch/python_abi-3.14-8_cp314.conda
  build_number: 8
  sha256: ad6d2e9ac39751cc0529dd1566a26751a0bf2542adb0c232533d32e176e21db5
  md5: 0539938c55b6b1a59b560e843ad864a4
  constrains:
  - python 3.14.* *_cp314
  license: BSD-3-Clause
  license_family: BSD
  purls: []
  size: 6989
  timestamp: 1752805904792
- conda: https://conda.anaconda.org/conda-forge/osx-arm64/readline-8.3-h46df422_0.conda
  sha256: a77010528efb4b548ac2a4484eaf7e1c3907f2aec86123ed9c5212ae44502477
  md5: f8381319127120ce51e081dce4865cf4
  depends:
  - __osx >=11.0
  - ncurses >=6.5,<7.0a0
  license: GPL-3.0-only
  license_family: GPL
  purls: []
  size: 313930
  timestamp: 1765813902568
- conda: https://conda.anaconda.org/conda-forge/osx-arm64/tk-8.6.13-h892fb3f_3.conda
  sha256: ad0c67cb03c163a109820dc9ecf77faf6ec7150e942d1e8bb13e5d39dc058ab7
  md5: a73d54a5abba6543cb2f0af1bfbd6851
  depends:
  - __osx >=11.0
  - libzlib >=1.3.1,<2.0a0
  license: TCL
  license_family: BSD
  purls: []
  size: 3125484
  timestamp: 1763055028377
- conda: https://conda.anaconda.org/conda-forge/noarch/tzdata-2025c-hc9c84f9_1.conda
  sha256: 1d30098909076af33a35017eed6f2953af1c769e273a0626a04722ac4acaba3c
  md5: ad659d0a2b3e47e38d829aa8cad2d610
  license: LicenseRef-Public-Domain
  purls: []
  size: 119135
  timestamp: 1767016325805
- conda: https://conda.anaconda.org/conda-forge/osx-arm64/zstd-1.5.7-hbf9d68e_6.conda
  sha256: 9485ba49e8f47d2b597dd399e88f4802e100851b27c21d7525625b0b4025a5d9
  md5: ab136e4c34e97f34fb621d2592a393d8
  depends:
  - __osx >=11.0
  - libzlib >=1.3.1,<2.0a0
  license: BSD-3-Clause
  license_family: BSD
  purls: []
  size: 433413
  timestamp: 1764777166076
